dependencies:
- name: istio
  repository: https://storage.googleapis.com/istio-release/releases/1.2.7/charts/
  version: 1.2.7
- name: istio-init
  repository: https://storage.googleapis.com/istio-release/releases/1.2.7/charts/
  version: 1.2.7
- name: istio-cni
  repository: https://storage.googleapis.com/istio-release/releases/1.2.7/charts/
  version: 0.1.0
digest: sha256:f96b5cf28756890bcd53db8b12c98aab38d8274798f544bfa4bce1b233dcb0c0
generated: "2019-10-16T11:44:45.058345+01:00"
