dependencies:
- name: istio
  repository: https://storage.googleapis.com/istio-release/releases/1.3.3/charts/
  version: 1.3.3
- name: istio-init
  repository: https://storage.googleapis.com/istio-release/releases/1.3.3/charts/
  version: 1.3.3
- name: istio-cni
  repository: https://storage.googleapis.com/istio-release/releases/1.3.3/charts/
  version: 1.3.3
digest: sha256:75f2a6ebacefd43f24dea35054ceeb4fadf2aced3f95473977d8f7a05d0309cc
generated: "2019-10-17T14:05:34.429498+01:00"
